
Microsoft Visual Studio Solution File, Format Version 12.00
# Visual Studio Version 17
VisualStudioVersion = 17.2.32602.215
MinimumVisualStudioVersion = 10.0.40219.1
Project("{FAE04EC0-301F-11D3-BF4B-00C04F79EFBC}") = "ASP-DataTransfer-DbContext", "ASP-DataTransfer-DbContext\ASP-DataTransfer-DbContext.csproj", "{6173D27D-EAB8-428F-B2D6-20269D0306E7}"
EndProject
Global
	GlobalSection(SolutionConfigurationPlatforms) = preSolution
		Debug|Any CPU = Debug|Any CPU
		Release|Any CPU = Release|Any CPU
	EndGlobalSection
	GlobalSection(ProjectConfigurationPlatforms) = postSolution
		{6173D27D-EAB8-428F-B2D6-20269D0306E7}.Debug|Any CPU.ActiveCfg = Debug|Any CPU
		{6173D27D-EAB8-428F-B2D6-20269D0306E7}.Debug|Any CPU.Build.0 = Debug|Any CPU
		{6173D27D-EAB8-428F-B2D6-20269D0306E7}.Release|Any CPU.ActiveCfg = Release|Any CPU
		{6173D27D-EAB8-428F-B2D6-20269D0306E7}.Release|Any CPU.Build.0 = Release|Any CPU
	EndGlobalSection
	GlobalSection(SolutionProperties) = preSolution
		HideSolutionNode = FALSE
	EndGlobalSection
	GlobalSection(ExtensibilityGlobals) = postSolution
		SolutionGuid = {81ACF6B7-ECB2-4759-8D8A-69A1DF7AF83C}
	EndGlobalSection
EndGlobal
